
Microsoft Visual Studio Solution File, Format Version 12.00
# Visual Studio Version 17
VisualStudioVersion = 17.9.34622.214
MinimumVisualStudioVersion = 10.0.40219.1
Project("{FAE04EC0-301F-11D3-BF4B-00C04F79EFBC}") = "DesignClassMAUIChallenge6", "DesignClassMAUIChallenge6\DesignClassMAUIChallenge6.csproj", "{EA9B2BEF-6FB9-4239-B87F-0825CBEBEA4E}"
EndProject
Global
	GlobalSection(SolutionConfigurationPlatforms) = preSolution
		Debug|Any CPU = Debug|Any CPU
		Release|Any CPU = Release|Any CPU
	EndGlobalSection
	GlobalSection(ProjectConfigurationPlatforms) = postSolution
		{EA9B2BEF-6FB9-4239-B87F-0825CBEBEA4E}.Debug|Any CPU.ActiveCfg = Debug|Any CPU
		{EA9B2BEF-6FB9-4239-B87F-0825CBEBEA4E}.Debug|Any CPU.Build.0 = Debug|Any CPU
		{EA9B2BEF-6FB9-4239-B87F-0825CBEBEA4E}.Debug|Any CPU.Deploy.0 = Debug|Any CPU
		{EA9B2BEF-6FB9-4239-B87F-0825CBEBEA4E}.Release|Any CPU.ActiveCfg = Release|Any CPU
		{EA9B2BEF-6FB9-4239-B87F-0825CBEBEA4E}.Release|Any CPU.Build.0 = Release|Any CPU
		{EA9B2BEF-6FB9-4239-B87F-0825CBEBEA4E}.Release|Any CPU.Deploy.0 = Release|Any CPU
	EndGlobalSection
	GlobalSection(SolutionProperties) = preSolution
		HideSolutionNode = FALSE
	EndGlobalSection
	GlobalSection(ExtensibilityGlobals) = postSolution
		SolutionGuid = {944F3941-DD3B-4CF6-A41A-D17DCD21E57A}
	EndGlobalSection
EndGlobal
